
Microsoft Visual Studio Solution File, Format Version 12.00
# Visual Studio Version 17
VisualStudioVersion = 17.7.34031.279
MinimumVisualStudioVersion = 10.0.40219.1
Project("{FAE04EC0-301F-11D3-BF4B-00C04F79EFBC}") = "Coursework", "Coursework\Coursework.csproj", "{12032EF4-FA8C-4609-B1CF-B58E358D4694}"
EndProject
Global
	GlobalSection(SolutionConfigurationPlatforms) = preSolution
		Debug|Any CPU = Debug|Any CPU
		Release|Any CPU = Release|Any CPU
	EndGlobalSection
	GlobalSection(ProjectConfigurationPlatforms) = postSolution
		{12032EF4-FA8C-4609-B1CF-B58E358D4694}.Debug|Any CPU.ActiveCfg = Debug|Any CPU
		{12032EF4-FA8C-4609-B1CF-B58E358D4694}.Debug|Any CPU.Build.0 = Debug|Any CPU
		{12032EF4-FA8C-4609-B1CF-B58E358D4694}.Release|Any CPU.ActiveCfg = Release|Any CPU
		{12032EF4-FA8C-4609-B1CF-B58E358D4694}.Release|Any CPU.Build.0 = Release|Any CPU
	EndGlobalSection
	GlobalSection(SolutionProperties) = preSolution
		HideSolutionNode = FALSE
	EndGlobalSection
	GlobalSection(ExtensibilityGlobals) = postSolution
		SolutionGuid = {4CB5D2A1-3794-4D2F-99B8-EF2979A45804}
	EndGlobalSection
EndGlobal
